
Microsoft Visual Studio Solution File, Format Version 12.00
# Visual Studio Version 16
VisualStudioVersion = 16.0.31025.194
MinimumVisualStudioVersion = 10.0.40219.1
Project("{FAE04EC0-301F-11D3-BF4B-00C04F79EFBC}") = "CaseMain", "CaseMain\CaseMain.csproj", "{24658280-2B4B-4CB2-9482-8F2A4DD8EBF4}"
EndProject
Global
	GlobalSection(SolutionConfigurationPlatforms) = preSolution
		Debug|Any CPU = Debug|Any CPU
		Release|Any CPU = Release|Any CPU
	EndGlobalSection
	GlobalSection(ProjectConfigurationPlatforms) = postSolution
		{24658280-2B4B-4CB2-9482-8F2A4DD8EBF4}.Debug|Any CPU.ActiveCfg = Debug|Any CPU
		{24658280-2B4B-4CB2-9482-8F2A4DD8EBF4}.Debug|Any CPU.Build.0 = Debug|Any CPU
		{24658280-2B4B-4CB2-9482-8F2A4DD8EBF4}.Release|Any CPU.ActiveCfg = Release|Any CPU
		{24658280-2B4B-4CB2-9482-8F2A4DD8EBF4}.Release|Any CPU.Build.0 = Release|Any CPU
	EndGlobalSection
	GlobalSection(SolutionProperties) = preSolution
		HideSolutionNode = FALSE
	EndGlobalSection
	GlobalSection(ExtensibilityGlobals) = postSolution
		SolutionGuid = {B898D596-E509-4F16-9685-8747C3151286}
	EndGlobalSection
EndGlobal
